
Microsoft Visual Studio Solution File, Format Version 12.00
# Visual Studio Version 16
VisualStudioVersion = 16.0.31911.196
MinimumVisualStudioVersion = 10.0.40219.1
Project("{FAE04EC0-301F-11D3-BF4B-00C04F79EFBC}") = "ClientUI", "ClientUI\ClientUI.csproj", "{5EDAF9CA-C8B6-4149-9062-DA148C920E6F}"
EndProject
Global
	GlobalSection(SolutionConfigurationPlatforms) = preSolution
		Debug|Any CPU = Debug|Any CPU
		Release|Any CPU = Release|Any CPU
	EndGlobalSection
	GlobalSection(ProjectConfigurationPlatforms) = postSolution
		{5EDAF9CA-C8B6-4149-9062-DA148C920E6F}.Debug|Any CPU.ActiveCfg = Debug|Any CPU
		{5EDAF9CA-C8B6-4149-9062-DA148C920E6F}.Debug|Any CPU.Build.0 = Debug|Any CPU
		{5EDAF9CA-C8B6-4149-9062-DA148C920E6F}.Release|Any CPU.ActiveCfg = Release|Any CPU
		{5EDAF9CA-C8B6-4149-9062-DA148C920E6F}.Release|Any CPU.Build.0 = Release|Any CPU
	EndGlobalSection
	GlobalSection(SolutionProperties) = preSolution
		HideSolutionNode = FALSE
	EndGlobalSection
	GlobalSection(ExtensibilityGlobals) = postSolution
		SolutionGuid = {55E2A337-BD39-4CAC-9808-F6005AFFCF84}
	EndGlobalSection
EndGlobal
